
Microsoft Visual Studio Solution File, Format Version 12.00
# Visual Studio 2013
VisualStudioVersion = 12.0.0.0
Project("{FAE04EC0-301F-11D3-BF4B-00C04F79EFBC}") = "ShopOnSale.api", "ShopOnSale.api\ShopOnSale.api.csproj", "{7E7E8022-4958-4A9A-A1A6-A07497CD05C6}"
EndProject
Project("{FAE04EC0-301F-11D3-BF4B-00C04F79EFBC}") = "ShopOnSale.services", "ShopOnSale.services\ShopOnSale.services.csproj", "{31706832-360A-457C-9CC5-84D1777E3DA7}"
EndProject
Project("{FAE04EC0-301F-11D3-BF4B-00C04F79EFBC}") = "ShopOnSale.test.api", "ShopOnSale.test.api\ShopOnSale.test.api.csproj", "{5B025C5E-917E-4FB0-8A0D-B46236264706}"
EndProject
Project("{FAE04EC0-301F-11D3-BF4B-00C04F79EFBC}") = "ShopOnSale.test.services", "ShopOnSale.test.services\ShopOnSale.test.services.csproj", "{2169A6D9-C551-4D3F-BE7F-284F023A5118}"
EndProject
Global
	GlobalSection(ProjectConfigurationPlatforms) = postSolution
		{7E7E8022-4958-4A9A-A1A6-A07497CD05C6}.Debug|Any CPU.ActiveCfg = Debug|Any CPU
		{7E7E8022-4958-4A9A-A1A6-A07497CD05C6}.Debug|Any CPU.Build.0 = Debug|Any CPU
		{7E7E8022-4958-4A9A-A1A6-A07497CD05C6}.Release|Any CPU.ActiveCfg = Release|Any CPU
		{7E7E8022-4958-4A9A-A1A6-A07497CD05C6}.Release|Any CPU.Build.0 = Release|Any CPU
		{31706832-360A-457C-9CC5-84D1777E3DA7}.Debug|Any CPU.ActiveCfg = Debug|Any CPU
		{31706832-360A-457C-9CC5-84D1777E3DA7}.Debug|Any CPU.Build.0 = Debug|Any CPU
		{31706832-360A-457C-9CC5-84D1777E3DA7}.Release|Any CPU.ActiveCfg = Release|Any CPU
		{31706832-360A-457C-9CC5-84D1777E3DA7}.Release|Any CPU.Build.0 = Release|Any CPU
		{5B025C5E-917E-4FB0-8A0D-B46236264706}.Debug|Any CPU.ActiveCfg = Debug|Any CPU
		{5B025C5E-917E-4FB0-8A0D-B46236264706}.Debug|Any CPU.Build.0 = Debug|Any CPU
		{5B025C5E-917E-4FB0-8A0D-B46236264706}.Release|Any CPU.ActiveCfg = Release|Any CPU
		{5B025C5E-917E-4FB0-8A0D-B46236264706}.Release|Any CPU.Build.0 = Release|Any CPU
		{2169A6D9-C551-4D3F-BE7F-284F023A5118}.Debug|Any CPU.ActiveCfg = Debug|Any CPU
		{2169A6D9-C551-4D3F-BE7F-284F023A5118}.Debug|Any CPU.Build.0 = Debug|Any CPU
		{2169A6D9-C551-4D3F-BE7F-284F023A5118}.Release|Any CPU.ActiveCfg = Release|Any CPU
		{2169A6D9-C551-4D3F-BE7F-284F023A5118}.Release|Any CPU.Build.0 = Release|Any CPU
	EndGlobalSection
	GlobalSection(SolutionConfigurationPlatforms) = preSolution
		Debug|Any CPU = Debug|Any CPU
		Release|Any CPU = Release|Any CPU
	EndGlobalSection
EndGlobal
